// !$*UTF8*$!
{
	archiveVersion = 1;
	classes = {
	};
	objectVersion = 56;
	objects = {

/* Begin PBXBuildFile section */
		4D3F0B472B2B1E5500539CD0 /* gmartAppApp.swift in Sources */ = {isa = PBXBuildFile; fileRef = 4D3F0B462B2B1E5500539CD0 /* gmartAppApp.swift */; };
		4D3F0B492B2B1E5500539CD0 /* ContentView.swift in Sources */ = {isa = PBXBuildFile; fileRef = 4D3F0B482B2B1E5500539CD0 /* ContentView.swift */; };
		4D3F0B4B2B2B1E5600539CD0 /* Assets.xcassets in Resources */ = {isa = PBXBuildFile; fileRef = 4D3F0B4A2B2B1E5600539CD0 /* Assets.xcassets */; };
		4D3F0B4E2B2B1E5600539CD0 /* Preview Assets.xcassets in Resources */ = {isa = PBXBuildFile; fileRef = 4D3F0B4D2B2B1E5600539CD0 /* Preview Assets.xcassets */; };
		4D3F0B582B2B1E5700539CD0 /* gmartAppTests.swift in Sources */ = {isa = PBXBuildFile; fileRef = 4D3F0B572B2B1E5700539CD0 /* gmartAppTests.swift */; };
		4D3F0B622B2B1E5700539CD0 /* gmartAppUITests.swift in Sources */ = {isa = PBXBuildFile; fileRef = 4D3F0B612B2B1E5700539CD0 /* gmartAppUITests.swift */; };
		4D3F0B642B2B1E5700539CD0 /* gmartAppUITestsLaunchTests.swift in Sources */ = {isa = PBXBuildFile; fileRef = 4D3F0B632B2B1E5700539CD0 /* gmartAppUITestsLaunchTests.swift */; };
/* End PBXBuildFile section */

/* Begin PBXContainerItemProxy section */
		4D3F0B542B2B1E5700539CD0 /* PBXContainerItemProxy */ = {
			isa = PBXContainerItemProxy;
			containerPortal = 4D3F0B3B2B2B1E5500539CD0 /* Project object */;
			proxyType = 1;
			remoteGlobalIDString = 4D3F0B422B2B1E5500539CD0;
			remoteInfo = gmartApp;
		};
		4D3F0B5E2B2B1E5700539CD0 /* PBXContainerItemProxy */ = {
			isa = PBXContainerItemProxy;
			containerPortal = 4D3F0B3B2B2B1E5500539CD0 /* Project object */;
			proxyType = 1;
			remoteGlobalIDString = 4D3F0B422B2B1E5500539CD0;
			remoteInfo = gmartApp;
		};
/* End PBXContainerItemProxy section */

/* Begin PBXFileReference section */
		4D3F0B432B2B1E5500539CD0 /* gmartApp.app */ = {isa = PBXFileReference; explicitFileType = wrapper.application; includeInIndex = 0; path = gmartApp.app; sourceTree = BUILT_PRODUCTS_DIR; };
		4D3F0B462B2B1E5500539CD0 /* gmartAppApp.swift */ = {isa = PBXFileReference; lastKnownFileType = sourcecode.swift; path = gmartAppApp.swift; sourceTree = "<group>"; };
		4D3F0B482B2B1E5500539CD0 /* ContentView.swift */ = {isa = PBXFileReference; lastKnownFileType = sourcecode.swift; path = ContentView.swift; sourceTree = "<group>"; };
		4D3F0B4A2B2B1E5600539CD0 /* Assets.xcassets */ = {isa = PBXFileReference; lastKnownFileType = folder.assetcatalog; path = Assets.xcassets; sourceTree = "<group>"; };
		4D3F0B4D2B2B1E5600539CD0 /* Preview Assets.xcassets */ = {isa = PBXFileReference; lastKnownFileType = folder.assetcatalog; path = "Preview Assets.xcassets"; sourceTree = "<group>"; };
		4D3F0B532B2B1E5700539CD0 /* gmartAppTests.xctest */ = {isa = PBXFileReference; explicitFileType = wrapper.cfbundle; includeInIndex = 0; path = gmartAppTests.xctest; sourceTree = BUILT_PRODUCTS_DIR; };
		4D3F0B572B2B1E5700539CD0 /* gmartAppTests.swift */ = {isa = PBXFileReference; lastKnownFileType = sourcecode.swift; path = gmartAppTests.swift; sourceTree = "<group>"; };
		4D3F0B5D2B2B1E5700539CD0 /* gmartAppUITests.xctest */ = {isa = PBXFileReference; explicitFileType = wrapper.cfbundle; includeInIndex = 0; path = gmartAppUITests.xctest; sourceTree = BUILT_PRODUCTS_DIR; };
		4D3F0B612B2B1E5700539CD0 /* gmartAppUITests.swift */ = {isa = PBXFileReference; lastKnownFileType = sourcecode.swift; path = gmartAppUITests.swift; sourceTree = "<group>"; };
		4D3F0B632B2B1E5700539CD0 /* gmartAppUITestsLaunchTests.swift */ = {isa = PBXFileReference; lastKnownFileType = sourcecode.swift; path = gmartAppUITestsLaunchTests.swift; sourceTree = "<group>"; };
/* End PBXFileReference section */

/* Begin PBXFrameworksBuildPhase section */
		4D3F0B402B2B1E5500539CD0 /* Frameworks */ = {
			isa = PBXFrameworksBuildPhase;
			buildActionMask = 2147483647;
			files = (
			);
			runOnlyForDeploymentPostprocessing = 0;
		};
		4D3F0B502B2B1E5700539CD0 /* Frameworks */ = {
			isa = PBXFrameworksBuildPhase;
			buildActionMask = 2147483647;
			files = (
			);
			runOnlyForDeploymentPostprocessing = 0;
		};
		4D3F0B5A2B2B1E5700539CD0 /* Frameworks */ = {
			isa = PBXFrameworksBuildPhase;
			buildActionMask = 2147483647;
			files = (
			);
			runOnlyForDeploymentPostprocessing = 0;
		};
/* End PBXFrameworksBuildPhase section */

/* Begin PBXGroup section */
		4D3F0B3A2B2B1E5500539CD0 = {
			isa = PBXGroup;
			children = (
				4D3F0B452B2B1E5500539CD0 /* gmartApp */,
				4D3F0B562B2B1E5700539CD0 /* gmartAppTests */,
				4D3F0B602B2B1E5700539CD0 /* gmartAppUITests */,
				4D3F0B442B2B1E5500539CD0 /* Products */,
			);
			sourceTree = "<group>";
		};
		4D3F0B442B2B1E5500539CD0 /* Products */ = {
			isa = PBXGroup;
			children = (
				4D3F0B432B2B1E5500539CD0 /* gmartApp.app */,
				4D3F0B532B2B1E5700539CD0 /* gmartAppTests.xctest */,
				4D3F0B5D2B2B1E5700539CD0 /* gmartAppUITests.xctest */,
			);
			name = Products;
			sourceTree = "<group>";
		};
		4D3F0B452B2B1E5500539CD0 /* gmartApp */ = {
			isa = PBXGroup;
			children = (
				4D3F0B462B2B1E5500539CD0 /* gmartAppApp.swift */,
				4D3F0B482B2B1E5500539CD0 /* ContentView.swift */,
				4D3F0B4A2B2B1E5600539CD0 /* Assets.xcassets */,
				4D3F0B4C2B2B1E5600539CD0 /* Preview Content */,
			);
			path = gmartApp;
			sourceTree = "<group>";
		};
		4D3F0B4C2B2B1E5600539CD0 /* Preview Content */ = {
			isa = PBXGroup;
			children = (
				4D3F0B4D2B2B1E5600539CD0 /* Preview Assets.xcassets */,
			);
			path = "Preview Content";
			sourceTree = "<group>";
		};
		4D3F0B562B2B1E5700539CD0 /* gmartAppTests */ = {
			isa = PBXGroup;
			children = (
				4D3F0B572B2B1E5700539CD0 /* gmartAppTests.swift */,
			);
			path = gmartAppTests;
			sourceTree = "<group>";
		};
		4D3F0B602B2B1E5700539CD0 /* gmartAppUITests */ = {
			isa = PBXGroup;
			children = (
				4D3F0B612B2B1E5700539CD0 /* gmartAppUITests.swift */,
				4D3F0B632B2B1E5700539CD0 /* gmartAppUITestsLaunchTests.swift */,
			);
			path = gmartAppUITests;
			sourceTree = "<group>";
		};
/* End PBXGroup section */

/* Begin PBXNativeTarget section */
		4D3F0B422B2B1E5500539CD0 /* gmartApp */ = {
			isa = PBXNativeTarget;
			buildConfigurationList = 4D3F0B672B2B1E5700539CD0 /* Build configuration list for PBXNativeTarget "gmartApp" */;
			buildPhases = (
				4D3F0B3F2B2B1E5500539CD0 /* Sources */,
				4D3F0B402B2B1E5500539CD0 /* Frameworks */,
				4D3F0B412B2B1E5500539CD0 /* Resources */,
			);
			buildRules = (
			);
			dependencies = (
			);
			name = gmartApp;
			productName = gmartApp;
			productReference = 4D3F0B432B2B1E5500539CD0 /* gmartApp.app */;
			productType = "com.apple.product-type.application";
		};
		4D3F0B522B2B1E5700539CD0 /* gmartAppTests */ = {
			isa = PBXNativeTarget;
			buildConfigurationList = 4D3F0B6A2B2B1E5700539CD0 /* Build configuration list for PBXNativeTarget "gmartAppTests" */;
			buildPhases = (
				4D3F0B4F2B2B1E5700539CD0 /* Sources */,
				4D3F0B502B2B1E5700539CD0 /* Frameworks */,
				4D3F0B512B2B1E5700539CD0 /* Resources */,
			);
			buildRules = (
			);
			dependencies = (
				4D3F0B552B2B1E5700539CD0 /* PBXTargetDependency */,
			);
			name = gmartAppTests;
			productName = gmartAppTests;
			productReference = 4D3F0B532B2B1E5700539CD0 /* gmartAppTests.xctest */;
			productType = "com.apple.product-type.bundle.unit-test";
		};
		4D3F0B5C2B2B1E5700539CD0 /* gmartAppUITests */ = {
			isa = PBXNativeTarget;
			buildConfigurationList = 4D3F0B6D2B2B1E5700539CD0 /* Build configuration list for PBXNativeTarget "gmartAppUITests" */;
			buildPhases = (
				4D3F0B592B2B1E5700539CD0 /* Sources */,
				4D3F0B5A2B2B1E5700539CD0 /* Frameworks */,
				4D3F0B5B2B2B1E5700539CD0 /* Resources */,
			);
			buildRules = (
			);
			dependencies = (
				4D3F0B5F2B2B1E5700539CD0 /* PBXTargetDependency */,
			);
			name = gmartAppUITests;
			productName = gmartAppUITests;
			productReference = 4D3F0B5D2B2B1E5700539CD0 /* gmartAppUITests.xctest */;
			productType = "com.apple.product-type.bundle.ui-testing";
		};
/* End PBXNativeTarget section */

/* Begin PBXProject section */
		4D3F0B3B2B2B1E5500539CD0 /* Project object */ = {
			isa = PBXProject;
			attributes = {
				BuildIndependentTargetsInParallel = 1;
				LastSwiftUpdateCheck = 1500;
				LastUpgradeCheck = 1500;
				TargetAttributes = {
					4D3F0B422B2B1E5500539CD0 = {
						CreatedOnToolsVersion = 15.0.1;
					};
					4D3F0B522B2B1E5700539CD0 = {
						CreatedOnToolsVersion = 15.0.1;
						TestTargetID = 4D3F0B422B2B1E5500539CD0;
					};
					4D3F0B5C2B2B1E5700539CD0 = {
						CreatedOnToolsVersion = 15.0.1;
						TestTargetID = 4D3F0B422B2B1E5500539CD0;
					};
				};
			};
			buildConfigurationList = 4D3F0B3E2B2B1E5500539CD0 /* Build configuration list for PBXProject "gmartApp" */;
			compatibilityVersion = "Xcode 14.0";
			developmentRegion = en;
			hasScannedForEncodings = 0;
			knownRegions = (
				en,
				Base,
			);
			mainGroup = 4D3F0B3A2B2B1E5500539CD0;
			productRefGroup = 4D3F0B442B2B1E5500539CD0 /* Products */;
			projectDirPath = "";
			projectRoot = "";
			targets = (
				4D3F0B422B2B1E5500539CD0 /* gmartApp */,
				4D3F0B522B2B1E5700539CD0 /* gmartAppTests */,
				4D3F0B5C2B2B1E5700539CD0 /* gmartAppUITests */,
			);
		};
/* End PBXProject section */

/* Begin PBXResourcesBuildPhase section */
		4D3F0B412B2B1E5500539CD0 /* Resources */ = {
			isa = PBXResourcesBuildPhase;
			buildActionMask = 2147483647;
			files = (
				4D3F0B4E2B2B1E5600539CD0 /* Preview Assets.xcassets in Resources */,
				4D3F0B4B2B2B1E5600539CD0 /* Assets.xcassets in Resources */,
			);
			runOnlyForDeploymentPostprocessing = 0;
		};
		4D3F0B512B2B1E5700539CD0 /* Resources */ = {
			isa = PBXResourcesBuildPhase;
			buildActionMask = 2147483647;
			files = (
			);
			runOnlyForDeploymentPostprocessing = 0;
		};
		4D3F0B5B2B2B1E5700539CD0 /* Resources */ = {
			isa = PBXResourcesBuildPhase;
			buildActionMask = 2147483647;
			files = (
			);
			runOnlyForDeploymentPostprocessing = 0;
		};
/* End PBXResourcesBuildPhase section */

/* Begin PBXSourcesBuildPhase section */
		4D3F0B3F2B2B1E5500539CD0 /* Sources */ = {
			isa = PBXSourcesBuildPhase;
			buildActionMask = 2147483647;
			files = (
				4D3F0B492B2B1E5500539CD0 /* ContentView.swift in Sources */,
				4D3F0B472B2B1E5500539CD0 /* gmartAppApp.swift in Sources */,
			);
			runOnlyForDeploymentPostprocessing = 0;
		};
		4D3F0B4F2B2B1E5700539CD0 /* Sources */ = {
			isa = PBXSourcesBuildPhase;
			buildActionMask = 2147483647;
			files = (
				4D3F0B582B2B1E5700539CD0 /* gmartAppTests.swift in Sources */,
			);
			runOnlyForDeploymentPostprocessing = 0;
		};
		4D3F0B592B2B1E5700539CD0 /* Sources */ = {
			isa = PBXSourcesBuildPhase;
			buildActionMask = 2147483647;
			files = (
				4D3F0B642B2B1E5700539CD0 /* gmartAppUITestsLaunchTests.swift in Sources */,
				4D3F0B622B2B1E5700539CD0 /* gmartAppUITests.swift in Sources */,
			);
			runOnlyForDeploymentPostprocessing = 0;
		};
/* End PBXSourcesBuildPhase section */

/* Begin PBXTargetDependency section */
		4D3F0B552B2B1E5700539CD0 /* PBXTargetDependency */ = {
			isa = PBXTargetDependency;
			target = 4D3F0B422B2B1E5500539CD0 /* gmartApp */;
			targetProxy = 4D3F0B542B2B1E5700539CD0 /* PBXContainerItemProxy */;
		};
		4D3F0B5F2B2B1E5700539CD0 /* PBXTargetDependency */ = {
			isa = PBXTargetDependency;
			target = 4D3F0B422B2B1E5500539CD0 /* gmartApp */;
			targetProxy = 4D3F0B5E2B2B1E5700539CD0 /* PBXContainerItemProxy */;
		};
/* End PBXTargetDependency section */

/* Begin XCBuildConfiguration section */
		4D3F0B652B2B1E5700539CD0 /* Debug */ = {
			isa = XCBuildConfiguration;
			buildSettings = {
				ALWAYS_SEARCH_USER_PATHS = NO;
				ASSETCATALOG_COMPILER_GENERATE_SWIFT_ASSET_SYMBOL_EXTENSIONS = YES;
				CLANG_ANALYZER_NONNULL = YES;
				CLANG_ANALYZER_NUMBER_OBJECT_CONVERSION = YES_AGGRESSIVE;
				CLANG_CXX_LANGUAGE_STANDARD = "gnu++20";
				CLANG_ENABLE_MODULES = YES;
				CLANG_ENABLE_OBJC_ARC = YES;
				CLANG_ENABLE_OBJC_WEAK = YES;
				CLANG_WARN_BLOCK_CAPTURE_AUTORELEASING = YES;
				CLANG_WARN_BOOL_CONVERSION = YES;
				CLANG_WARN_COMMA = YES;
				CLANG_WARN_CONSTANT_CONVERSION = YES;
				CLANG_WARN_DEPRECATED_OBJC_IMPLEMENTATIONS = YES;
				CLANG_WARN_DIRECT_OBJC_ISA_USAGE = YES_ERROR;
				CLANG_WARN_DOCUMENTATION_COMMENTS = YES;
				CLANG_WARN_EMPTY_BODY = YES;
				CLANG_WARN_ENUM_CONVERSION = YES;
				CLANG_WARN_INFINITE_RECURSION = YES;
				CLANG_WARN_INT_CONVERSION = YES;
				CLANG_WARN_NON_LITERAL_NULL_CONVERSION = YES;
				CLANG_WARN_OBJC_IMPLICIT_RETAIN_SELF = YES;
				CLANG_WARN_OBJC_LITERAL_CONVERSION = YES;
				CLANG_WARN_OBJC_ROOT_CLASS = YES_ERROR;
				CLANG_WARN_QUOTED_INCLUDE_IN_FRAMEWORK_HEADER = YES;
				CLANG_WARN_RANGE_LOOP_ANALYSIS = YES;
				CLANG_WARN_STRICT_PROTOTYPES = YES;
				CLANG_WARN_SUSPICIOUS_MOVE = YES;
				CLANG_WARN_UNGUARDED_AVAILABILITY = YES_AGGRESSIVE;
				CLANG_WARN_UNREACHABLE_CODE = YES;
				CLANG_WARN__DUPLICATE_METHOD_MATCH = YES;
				COPY_PHASE_STRIP = NO;
				DEBUG_INFORMATION_FORMAT = dwarf;
				ENABLE_STRICT_OBJC_MSGSEND = YES;
				ENABLE_TESTABILITY = YES;
				ENABLE_USER_SCRIPT_SANDBOXING = YES;
				GCC_C_LANGUAGE_STANDARD = gnu17;
				GCC_DYNAMIC_NO_PIC = NO;
				GCC_NO_COMMON_BLOCKS = YES;
				GCC_OPTIMIZATION_LEVEL = 0;
				GCC_PREPROCESSOR_DEFINITIONS = (
					"DEBUG=1",
					"$(inherited)",
				);
				GCC_WARN_64_TO_32_BIT_CONVERSION = YES;
				GCC_WARN_ABOUT_RETURN_TYPE = YES_ERROR;
				GCC_WARN_UNDECLARED_SELECTOR = YES;
				GCC_WARN_UNINITIALIZED_AUTOS = YES_AGGRESSIVE;
				GCC_WARN_UNUSED_FUNCTION = YES;
				GCC_WARN_UNUSED_VARIABLE = YES;
				IPHONEOS_DEPLOYMENT_TARGET = 17.0;
				LOCALIZATION_PREFERS_STRING_CATALOGS = YES;
				MTL_ENABLE_DEBUG_INFO = INCLUDE_SOURCE;
				MTL_FAST_MATH = YES;
				ONLY_ACTIVE_ARCH = YES;
				SDKROOT = iphoneos;
				SWIFT_ACTIVE_COMPILATION_CONDITIONS = "DEBUG $(inherited)";
				SWIFT_OPTIMIZATION_LEVEL = "-Onone";
			};
			name = Debug;
		};
		4D3F0B662B2B1E5700539CD0 /* Release */ = {
			isa = XCBuildConfiguration;
			buildSettings = {
				ALWAYS_SEARCH_USER_PATHS = NO;
				ASSETCATALOG_COMPILER_GENERATE_SWIFT_ASSET_SYMBOL_EXTENSIONS = YES;
				CLANG_ANALYZER_NONNULL = YES;
				CLANG_ANALYZER_NUMBER_OBJECT_CONVERSION = YES_AGGRESSIVE;
				CLANG_CXX_LANGUAGE_STANDARD = "gnu++20";
				CLANG_ENABLE_MODULES = YES;
				CLANG_ENABLE_OBJC_ARC = YES;
				CLANG_ENABLE_OBJC_WEAK = YES;
				CLANG_WARN_BLOCK_CAPTURE_AUTORELEASING = YES;
				CLANG_WARN_BOOL_CONVERSION = YES;
				CLANG_WARN_COMMA = YES;
				CLANG_WARN_CONSTANT_CONVERSION = YES;
				CLANG_WARN_DEPRECATED_OBJC_IMPLEMENTATIONS = YES;
				CLANG_WARN_DIRECT_OBJC_ISA_USAGE = YES_ERROR;
				CLANG_WARN_DOCUMENTATION_COMMENTS = YES;
				CLANG_WARN_EMPTY_BODY = YES;
				CLANG_WARN_ENUM_CONVERSION = YES;
				CLANG_WARN_INFINITE_RECURSION = YES;
				CLANG_WARN_INT_CONVERSION = YES;
				CLANG_WARN_NON_LITERAL_NULL_CONVERSION = YES;
				CLANG_WARN_OBJC_IMPLICIT_RETAIN_SELF = YES;
				CLANG_WARN_OBJC_LITERAL_CONVERSION = YES;
				CLANG_WARN_OBJC_ROOT_CLASS = YES_ERROR;
				CLANG_WARN_QUOTED_INCLUDE_IN_FRAMEWORK_HEADER = YES;
				CLANG_WARN_RANGE_LOOP_ANALYSIS = YES;
				CLANG_WARN_STRICT_PROTOTYPES = YES;
				CLANG_WARN_SUSPICIOUS_MOVE = YES;
				CLANG_WARN_UNGUARDED_AVAILABILITY = YES_AGGRESSIVE;
				CLANG_WARN_UNREACHABLE_CODE = YES;
				CLANG_WARN__DUPLICATE_METHOD_MATCH = YES;
				COPY_PHASE_STRIP = NO;
				DEBUG_INFORMATION_FORMAT = "dwarf-with-dsym";
				ENABLE_NS_ASSERTIONS = NO;
				ENABLE_STRICT_OBJC_MSGSEND = YES;
				ENABLE_USER_SCRIPT_SANDBOXING = YES;
				GCC_C_LANGUAGE_STANDARD = gnu17;
				GCC_NO_COMMON_BLOCKS = YES;
				GCC_WARN_64_TO_32_BIT_CONVERSION = YES;
				GCC_WARN_ABOUT_RETURN_TYPE = YES_ERROR;
				GCC_WARN_UNDECLARED_SELECTOR = YES;
				GCC_WARN_UNINITIALIZED_AUTOS = YES_AGGRESSIVE;
				GCC_WARN_UNUSED_FUNCTION = YES;
				GCC_WARN_UNUSED_VARIABLE = YES;
				IPHONEOS_DEPLOYMENT_TARGET = 17.0;
				LOCALIZATION_PREFERS_STRING_CATALOGS = YES;
				MTL_ENABLE_DEBUG_INFO = NO;
				MTL_FAST_MATH = YES;
				SDKROOT = iphoneos;
				SWIFT_COMPILATION_MODE = wholemodule;
				VALIDATE_PRODUCT = YES;
			};
			name = Release;
		};
		4D3F0B682B2B1E5700539CD0 /* Debug */ = {
			isa = XCBuildConfiguration;
			buildSettings = {
				ASSETCATALOG_COMPILER_APPICON_NAME = AppIcon;
				ASSETCATALOG_COMPILER_GLOBAL_ACCENT_COLOR_NAME = AccentColor;
				CODE_SIGN_STYLE = Automatic;
				CURRENT_PROJECT_VERSION = 1;
				DEVELOPMENT_ASSET_PATHS = "\"gmartApp/Preview Content\"";
				ENABLE_PREVIEWS = YES;
				GENERATE_INFOPLIST_FILE = YES;
				INFOPLIST_KEY_UIApplicationSceneManifest_Generation = YES;
				INFOPLIST_KEY_UIApplicationSupportsIndirectInputEvents = YES;
				INFOPLIST_KEY_UILaunchScreen_Generation = YES;
				INFOPLIST_KEY_UISupportedInterfaceOrientations_iPad = "UIInterfaceOrientationPortrait UIInterfaceOrientationPortraitUpsideDown UIInterfaceOrientationLandscapeLeft UIInterfaceOrientationLandscapeRight";
				INFOPLIST_KEY_UISupportedInterfaceOrientations_iPhone = "UIInterfaceOrientationPortrait UIInterfaceOrientationLandscapeLeft UIInterfaceOrientationLandscapeRight";
				LD_RUNPATH_SEARCH_PATHS = (
					"$(inherited)",
					"@executable_path/Frameworks",
				);
				MARKETING_VERSION = 1.0;
				PRODUCT_BUNDLE_IDENTIFIER = "-.gmartApp";
				PRODUCT_NAME = "$(TARGET_NAME)";
				SWIFT_EMIT_LOC_STRINGS = YES;
				SWIFT_VERSION = 5.0;
				TARGETED_DEVICE_FAMILY = "1,2";
			};
			name = Debug;
		};
		4D3F0B692B2B1E5700539CD0 /* Release */ = {
			isa = XCBuildConfiguration;
			buildSettings = {
				ASSETCATALOG_COMPILER_APPICON_NAME = AppIcon;
				ASSETCATALOG_COMPILER_GLOBAL_ACCENT_COLOR_NAME = AccentColor;
				CODE_SIGN_STYLE = Automatic;
				CURRENT_PROJECT_VERSION = 1;
				DEVELOPMENT_ASSET_PATHS = "\"gmartApp/Preview Content\"";
				ENABLE_PREVIEWS = YES;
				GENERATE_INFOPLIST_FILE = YES;
				INFOPLIST_KEY_UIApplicationSceneManifest_Generation = YES;
				INFOPLIST_KEY_UIApplicationSupportsIndirectInputEvents = YES;
				INFOPLIST_KEY_UILaunchScreen_Generation = YES;
				INFOPLIST_KEY_UISupportedInterfaceOrientations_iPad = "UIInterfaceOrientationPortrait UIInterfaceOrientationPortraitUpsideDown UIInterfaceOrientationLandscapeLeft UIInterfaceOrientationLandscapeRight";
				INFOPLIST_KEY_UISupportedInterfaceOrientations_iPhone = "UIInterfaceOrientationPortrait UIInterfaceOrientationLandscapeLeft UIInterfaceOrientationLandscapeRight";
				LD_RUNPATH_SEARCH_PATHS = (
					"$(inherited)",
					"@executable_path/Frameworks",
				);
				MARKETING_VERSION = 1.0;
				PRODUCT_BUNDLE_IDENTIFIER = "-.gmartApp";
				PRODUCT_NAME = "$(TARGET_NAME)";
				SWIFT_EMIT_LOC_STRINGS = YES;
				SWIFT_VERSION = 5.0;
				TARGETED_DEVICE_FAMILY = "1,2";
			};
			name = Release;
		};
		4D3F0B6B2B2B1E5700539CD0 /* Debug */ = {
			isa = XCBuildConfiguration;
			buildSettings = {
				ALWAYS_EMBED_SWIFT_STANDARD_LIBRARIES = YES;
				BUNDLE_LOADER = "$(TEST_HOST)";
				CODE_SIGN_STYLE = Automatic;
				CURRENT_PROJECT_VERSION = 1;
				GENERATE_INFOPLIST_FILE = YES;
				IPHONEOS_DEPLOYMENT_TARGET = 17.0;
				MARKETING_VERSION = 1.0;
				PRODUCT_BUNDLE_IDENTIFIER = "-.gmartAppTests";
				PRODUCT_NAME = "$(TARGET_NAME)";
				SWIFT_EMIT_LOC_STRINGS = NO;
				SWIFT_VERSION = 5.0;
				TARGETED_DEVICE_FAMILY = "1,2";
				TEST_HOST = "$(BUILT_PRODUCTS_DIR)/gmartApp.app/$(BUNDLE_EXECUTABLE_FOLDER_PATH)/gmartApp";
			};
			name = Debug;
		};
		4D3F0B6C2B2B1E5700539CD0 /* Release */ = {
			isa = XCBuildConfiguration;
			buildSettings = {
				ALWAYS_EMBED_SWIFT_STANDARD_LIBRARIES = YES;
				BUNDLE_LOADER = "$(TEST_HOST)";
				CODE_SIGN_STYLE = Automatic;
				CURRENT_PROJECT_VERSION = 1;
				GENERATE_INFOPLIST_FILE = YES;
				IPHONEOS_DEPLOYMENT_TARGET = 17.0;
				MARKETING_VERSION = 1.0;
				PRODUCT_BUNDLE_IDENTIFIER = "-.gmartAppTests";
				PRODUCT_NAME = "$(TARGET_NAME)";
				SWIFT_EMIT_LOC_STRINGS = NO;
				SWIFT_VERSION = 5.0;
				TARGETED_DEVICE_FAMILY = "1,2";
				TEST_HOST = "$(BUILT_PRODUCTS_DIR)/gmartApp.app/$(BUNDLE_EXECUTABLE_FOLDER_PATH)/gmartApp";
			};
			name = Release;
		};
		4D3F0B6E2B2B1E5700539CD0 /* Debug */ = {
			isa = XCBuildConfiguration;
			buildSettings = {
				ALWAYS_EMBED_SWIFT_STANDARD_LIBRARIES = YES;
				CODE_SIGN_STYLE = Automatic;
				CURRENT_PROJECT_VERSION = 1;
				GENERATE_INFOPLIST_FILE = YES;
				MARKETING_VERSION = 1.0;
				PRODUCT_BUNDLE_IDENTIFIER = "-.gmartAppUITests";
				PRODUCT_NAME = "$(TARGET_NAME)";
				SWIFT_EMIT_LOC_STRINGS = NO;
				SWIFT_VERSION = 5.0;
				TARGETED_DEVICE_FAMILY = "1,2";
				TEST_TARGET_NAME = gmartApp;
			};
			name = Debug;
		};
		4D3F0B6F2B2B1E5700539CD0 /* Release */ = {
			isa = XCBuildConfiguration;
			buildSettings = {
				ALWAYS_EMBED_SWIFT_STANDARD_LIBRARIES = YES;
				CODE_SIGN_STYLE = Automatic;
				CURRENT_PROJECT_VERSION = 1;
				GENERATE_INFOPLIST_FILE = YES;
				MARKETING_VERSION = 1.0;
				PRODUCT_BUNDLE_IDENTIFIER = "-.gmartAppUITests";
				PRODUCT_NAME = "$(TARGET_NAME)";
				SWIFT_EMIT_LOC_STRINGS = NO;
				SWIFT_VERSION = 5.0;
				TARGETED_DEVICE_FAMILY = "1,2";
				TEST_TARGET_NAME = gmartApp;
			};
			name = Release;
		};
/* End XCBuildConfiguration section */

/* Begin XCConfigurationList section */
		4D3F0B3E2B2B1E5500539CD0 /* Build configuration list for PBXProject "gmartApp" */ = {
			isa = XCConfigurationList;
			buildConfigurations = (
				4D3F0B652B2B1E5700539CD0 /* Debug */,
				4D3F0B662B2B1E5700539CD0 /* Release */,
			);
			defaultConfigurationIsVisible = 0;
			defaultConfigurationName = Release;
		};
		4D3F0B672B2B1E5700539CD0 /* Build configuration list for PBXNativeTarget "gmartApp" */ = {
			isa = XCConfigurationList;
			buildConfigurations = (
				4D3F0B682B2B1E5700539CD0 /* Debug */,
				4D3F0B692B2B1E5700539CD0 /* Release */,
			);
			defaultConfigurationIsVisible = 0;
			defaultConfigurationName = Release;
		};
		4D3F0B6A2B2B1E5700539CD0 /* Build configuration list for PBXNativeTarget "gmartAppTests" */ = {
			isa = XCConfigurationList;
			buildConfigurations = (
				4D3F0B6B2B2B1E5700539CD0 /* Debug */,
				4D3F0B6C2B2B1E5700539CD0 /* Release */,
			);
			defaultConfigurationIsVisible = 0;
			defaultConfigurationName = Release;
		};
		4D3F0B6D2B2B1E5700539CD0 /* Build configuration list for PBXNativeTarget "gmartAppUITests" */ = {
			isa = XCConfigurationList;
			buildConfigurations = (
				4D3F0B6E2B2B1E5700539CD0 /* Debug */,
				4D3F0B6F2B2B1E5700539CD0 /* Release */,
			);
			defaultConfigurationIsVisible = 0;
			defaultConfigurationName = Release;
		};
/* End XCConfigurationList section */
	};
	rootObject = 4D3F0B3B2B2B1E5500539CD0 /* Project object */;
}
